
Microsoft Visual Studio Solution File, Format Version 12.00
# Visual Studio 15
VisualStudioVersion = 15.0.28307.438
MinimumVisualStudioVersion = 10.0.40219.1
Project("{FAE04EC0-301F-11D3-BF4B-00C04F79EFBC}") = "WebApplication33", "WebApplication33\WebApplication33.csproj", "{9EBE06C9-8D0B-4B71-8BA9-B1BF065A3AEA}"
EndProject
Project("{FAE04EC0-301F-11D3-BF4B-00C04F79EFBC}") = "Service1", "Service1\Service1.csproj", "{782E0728-CBBC-4D2F-856A-6AB95CC12F96}"
EndProject
Project("{FAE04EC0-301F-11D3-BF4B-00C04F79EFBC}") = "Service2", "Service2\Service2.csproj", "{1BBD2DDF-1180-4FEE-A37F-580F10197704}"
EndProject
Global
	GlobalSection(SolutionConfigurationPlatforms) = preSolution
		Debug|Any CPU = Debug|Any CPU
		Release|Any CPU = Release|Any CPU
	EndGlobalSection
	GlobalSection(ProjectConfigurationPlatforms) = postSolution
		{9EBE06C9-8D0B-4B71-8BA9-B1BF065A3AEA}.Debug|Any CPU.ActiveCfg = Debug|Any CPU
		{9EBE06C9-8D0B-4B71-8BA9-B1BF065A3AEA}.Debug|Any CPU.Build.0 = Debug|Any CPU
		{9EBE06C9-8D0B-4B71-8BA9-B1BF065A3AEA}.Release|Any CPU.ActiveCfg = Release|Any CPU
		{9EBE06C9-8D0B-4B71-8BA9-B1BF065A3AEA}.Release|Any CPU.Build.0 = Release|Any CPU
		{782E0728-CBBC-4D2F-856A-6AB95CC12F96}.Debug|Any CPU.ActiveCfg = Debug|Any CPU
		{782E0728-CBBC-4D2F-856A-6AB95CC12F96}.Debug|Any CPU.Build.0 = Debug|Any CPU
		{782E0728-CBBC-4D2F-856A-6AB95CC12F96}.Release|Any CPU.ActiveCfg = Release|Any CPU
		{782E0728-CBBC-4D2F-856A-6AB95CC12F96}.Release|Any CPU.Build.0 = Release|Any CPU
		{1BBD2DDF-1180-4FEE-A37F-580F10197704}.Debug|Any CPU.ActiveCfg = Debug|Any CPU
		{1BBD2DDF-1180-4FEE-A37F-580F10197704}.Debug|Any CPU.Build.0 = Debug|Any CPU
		{1BBD2DDF-1180-4FEE-A37F-580F10197704}.Release|Any CPU.ActiveCfg = Release|Any CPU
		{1BBD2DDF-1180-4FEE-A37F-580F10197704}.Release|Any CPU.Build.0 = Release|Any CPU
	EndGlobalSection
	GlobalSection(SolutionProperties) = preSolution
		HideSolutionNode = FALSE
	EndGlobalSection
	GlobalSection(ExtensibilityGlobals) = postSolution
		SolutionGuid = {60BA81BF-0852-4BD2-A3B7-7793BF119CD0}
	EndGlobalSection
EndGlobal
